
Microsoft Visual Studio Solution File, Format Version 12.00
# Visual Studio Version 16
VisualStudioVersion = 25.0.1705.4
MinimumVisualStudioVersion = 10.0.40219.1
Project("{FAE04EC0-301F-11D3-BF4B-00C04F79EFBC}") = "ChatApplicationAPI", "ChatApplicationAPI\ChatApplicationAPI.csproj", "{DC19C913-6ABF-40AD-AFB9-4408820BB44F}"
EndProject
Project("{2150E333-8FDC-42A3-9474-1A3956D46DE8}") = "Client", "Client", "{01E2C802-4528-45C2-8BCA-0665AACE5440}"
	ProjectSection(SolutionItems) = preProject
		index.html = index.html
	EndProjectSection
EndProject
Global
	GlobalSection(SolutionConfigurationPlatforms) = preSolution
		Debug|Any CPU = Debug|Any CPU
		Release|Any CPU = Release|Any CPU
	EndGlobalSection
	GlobalSection(ProjectConfigurationPlatforms) = postSolution
		{DC19C913-6ABF-40AD-AFB9-4408820BB44F}.Debug|Any CPU.ActiveCfg = Debug|Any CPU
		{DC19C913-6ABF-40AD-AFB9-4408820BB44F}.Debug|Any CPU.Build.0 = Debug|Any CPU
		{DC19C913-6ABF-40AD-AFB9-4408820BB44F}.Release|Any CPU.ActiveCfg = Release|Any CPU
		{DC19C913-6ABF-40AD-AFB9-4408820BB44F}.Release|Any CPU.Build.0 = Release|Any CPU
	EndGlobalSection
	GlobalSection(SolutionProperties) = preSolution
		HideSolutionNode = FALSE
	EndGlobalSection
	GlobalSection(ExtensibilityGlobals) = postSolution
		SolutionGuid = {A4302072-9C0C-4DA5-BC93-098451F17AE9}
	EndGlobalSection
EndGlobal
